
Microsoft Visual Studio Solution File, Format Version 12.00
# Visual Studio Version 16
VisualStudioVersion = 16.0.31410.357
MinimumVisualStudioVersion = 10.0.40219.1
Project("{FAE04EC0-301F-11D3-BF4B-00C04F79EFBC}") = "Jenkinsapp", "Jenkinsapp.csproj", "{7D2631C2-34C4-4564-9F7A-90712008E429}"
EndProject
Global
	GlobalSection(SolutionConfigurationPlatforms) = preSolution
		Debug|Any CPU = Debug|Any CPU
		Release|Any CPU = Release|Any CPU
	EndGlobalSection
	GlobalSection(ProjectConfigurationPlatforms) = postSolution
		{7D2631C2-34C4-4564-9F7A-90712008E429}.Debug|Any CPU.ActiveCfg = Debug|Any CPU
		{7D2631C2-34C4-4564-9F7A-90712008E429}.Debug|Any CPU.Build.0 = Debug|Any CPU
		{7D2631C2-34C4-4564-9F7A-90712008E429}.Release|Any CPU.ActiveCfg = Release|Any CPU
		{7D2631C2-34C4-4564-9F7A-90712008E429}.Release|Any CPU.Build.0 = Release|Any CPU
	EndGlobalSection
	GlobalSection(SolutionProperties) = preSolution
		HideSolutionNode = FALSE
	EndGlobalSection
	GlobalSection(ExtensibilityGlobals) = postSolution
		SolutionGuid = {0181514F-921D-4176-84AF-C193C23E04EF}
	EndGlobalSection
EndGlobal
